// !$*UTF8*$!
{
	archiveVersion = 1;
	classes = {
	};
	objectVersion = 50;
	objects = {

/* Begin PBXBuildFile section */
		F22632C3272B14150045A90F /* Page8.swift in Sources */ = {isa = PBXBuildFile; fileRef = F22632C2272B14150045A90F /* Page8.swift */; };
		F232760826FCE43300824D47 /* AppDelegate.swift in Sources */ = {isa = PBXBuildFile; fileRef = F232760726FCE43300824D47 /* AppDelegate.swift */; };
		F232760A26FCE43300824D47 /* SceneDelegate.swift in Sources */ = {isa = PBXBuildFile; fileRef = F232760926FCE43300824D47 /* SceneDelegate.swift */; };
		F232760C26FCE43300824D47 /* ViewController.swift in Sources */ = {isa = PBXBuildFile; fileRef = F232760B26FCE43300824D47 /* ViewController.swift */; };
		F232760F26FCE43300824D47 /* Main.storyboard in Resources */ = {isa = PBXBuildFile; fileRef = F232760D26FCE43300824D47 /* Main.storyboard */; };
		F232761126FCE43300824D47 /* Assets.xcassets in Resources */ = {isa = PBXBuildFile; fileRef = F232761026FCE43300824D47 /* Assets.xcassets */; };
		F232761426FCE43300824D47 /* LaunchScreen.storyboard in Resources */ = {isa = PBXBuildFile; fileRef = F232761226FCE43300824D47 /* LaunchScreen.storyboard */; };
		F232D7F8272724DF00EA6A51 /* Screenconroller4.swift in Sources */ = {isa = PBXBuildFile; fileRef = F232D7F7272724DF00EA6A51 /* Screenconroller4.swift */; };
		F232D7FA2727270600EA6A51 /* Screencontroller5.swift in Sources */ = {isa = PBXBuildFile; fileRef = F232D7F92727270600EA6A51 /* Screencontroller5.swift */; };
		F232D7FC2727274E00EA6A51 /* ScreenController6.swift in Sources */ = {isa = PBXBuildFile; fileRef = F232D7FB2727274E00EA6A51 /* ScreenController6.swift */; };
		F232D7FE272727AF00EA6A51 /* Screencontroller7.swift in Sources */ = {isa = PBXBuildFile; fileRef = F232D7FD272727AF00EA6A51 /* Screencontroller7.swift */; };
		F26C3F262721D7F900915B9D /* ControllerNumber3.swift in Sources */ = {isa = PBXBuildFile; fileRef = F26C3F252721D7F900915B9D /* ControllerNumber3.swift */; };
		F26C3F282721D87C00915B9D /* ControllerNumber2.swift in Sources */ = {isa = PBXBuildFile; fileRef = F26C3F272721D87C00915B9D /* ControllerNumber2.swift */; };
/* End PBXBuildFile section */

/* Begin PBXFileReference section */
		F22632C2272B14150045A90F /* Page8.swift */ = {isa = PBXFileReference; lastKnownFileType = sourcecode.swift; path = Page8.swift; sourceTree = "<group>"; };
		F232760426FCE43300824D47 /* Final Project.app */ = {isa = PBXFileReference; explicitFileType = wrapper.application; includeInIndex = 0; path = "Final Project.app"; sourceTree = BUILT_PRODUCTS_DIR; };
		F232760726FCE43300824D47 /* AppDelegate.swift */ = {isa = PBXFileReference; lastKnownFileType = sourcecode.swift; path = AppDelegate.swift; sourceTree = "<group>"; };
		F232760926FCE43300824D47 /* SceneDelegate.swift */ = {isa = PBXFileReference; lastKnownFileType = sourcecode.swift; path = SceneDelegate.swift; sourceTree = "<group>"; };
		F232760B26FCE43300824D47 /* ViewController.swift */ = {isa = PBXFileReference; lastKnownFileType = sourcecode.swift; path = ViewController.swift; sourceTree = "<group>"; };
		F232760E26FCE43300824D47 /* Base */ = {isa = PBXFileReference; lastKnownFileType = file.storyboard; name = Base; path = Base.lproj/Main.storyboard; sourceTree = "<group>"; };
		F232761026FCE43300824D47 /* Assets.xcassets */ = {isa = PBXFileReference; lastKnownFileType = folder.assetcatalog; path = Assets.xcassets; sourceTree = "<group>"; };
		F232761326FCE43300824D47 /* Base */ = {isa = PBXFileReference; lastKnownFileType = file.storyboard; name = Base; path = Base.lproj/LaunchScreen.storyboard; sourceTree = "<group>"; };
		F232761526FCE43300824D47 /* Info.plist */ = {isa = PBXFileReference; lastKnownFileType = text.plist.xml; path = Info.plist; sourceTree = "<group>"; };
		F232D7F7272724DF00EA6A51 /* Screenconroller4.swift */ = {isa = PBXFileReference; lastKnownFileType = sourcecode.swift; path = Screenconroller4.swift; sourceTree = "<group>"; };
		F232D7F92727270600EA6A51 /* Screencontroller5.swift */ = {isa = PBXFileReference; lastKnownFileType = sourcecode.swift; path = Screencontroller5.swift; sourceTree = "<group>"; };
		F232D7FB2727274E00EA6A51 /* ScreenController6.swift */ = {isa = PBXFileReference; lastKnownFileType = sourcecode.swift; path = ScreenController6.swift; sourceTree = "<group>"; };
		F232D7FD272727AF00EA6A51 /* Screencontroller7.swift */ = {isa = PBXFileReference; lastKnownFileType = sourcecode.swift; path = Screencontroller7.swift; sourceTree = "<group>"; };
		F26C3F252721D7F900915B9D /* ControllerNumber3.swift */ = {isa = PBXFileReference; lastKnownFileType = sourcecode.swift; path = ControllerNumber3.swift; sourceTree = "<group>"; };
		F26C3F272721D87C00915B9D /* ControllerNumber2.swift */ = {isa = PBXFileReference; lastKnownFileType = sourcecode.swift; path = ControllerNumber2.swift; sourceTree = "<group>"; };
/* End PBXFileReference section */

/* Begin PBXFrameworksBuildPhase section */
		F232760126FCE43300824D47 /* Frameworks */ = {
			isa = PBXFrameworksBuildPhase;
			buildActionMask = 2147483647;
			files = (
			);
			runOnlyForDeploymentPostprocessing = 0;
		};
/* End PBXFrameworksBuildPhase section */

/* Begin PBXGroup section */
		F23275FB26FCE43300824D47 = {
			isa = PBXGroup;
			children = (
				F232760626FCE43300824D47 /* Final Project */,
				F232760526FCE43300824D47 /* Products */,
			);
			sourceTree = "<group>";
		};
		F232760526FCE43300824D47 /* Products */ = {
			isa = PBXGroup;
			children = (
				F232760426FCE43300824D47 /* Final Project.app */,
			);
			name = Products;
			sourceTree = "<group>";
		};
		F232760626FCE43300824D47 /* Final Project */ = {
			isa = PBXGroup;
			children = (
				F232760726FCE43300824D47 /* AppDelegate.swift */,
				F232760926FCE43300824D47 /* SceneDelegate.swift */,
				F232760B26FCE43300824D47 /* ViewController.swift */,
				F232760D26FCE43300824D47 /* Main.storyboard */,
				F22632C2272B14150045A90F /* Page8.swift */,
				F232D7FD272727AF00EA6A51 /* Screencontroller7.swift */,
				F232D7FB2727274E00EA6A51 /* ScreenController6.swift */,
				F232D7F92727270600EA6A51 /* Screencontroller5.swift */,
				F232D7F7272724DF00EA6A51 /* Screenconroller4.swift */,
				F26C3F272721D87C00915B9D /* ControllerNumber2.swift */,
				F26C3F252721D7F900915B9D /* ControllerNumber3.swift */,
				F232761026FCE43300824D47 /* Assets.xcassets */,
				F232761226FCE43300824D47 /* LaunchScreen.storyboard */,
				F232761526FCE43300824D47 /* Info.plist */,
			);
			path = "Final Project";
			sourceTree = "<group>";
		};
/* End PBXGroup section */

/* Begin PBXNativeTarget section */
		F232760326FCE43300824D47 /* Final Project */ = {
			isa = PBXNativeTarget;
			buildConfigurationList = F232761826FCE43300824D47 /* Build configuration list for PBXNativeTarget "Final Project" */;
			buildPhases = (
				F232760026FCE43300824D47 /* Sources */,
				F232760126FCE43300824D47 /* Frameworks */,
				F232760226FCE43300824D47 /* Resources */,
			);
			buildRules = (
			);
			dependencies = (
			);
			name = "Final Project";
			productName = "Final Project";
			productReference = F232760426FCE43300824D47 /* Final Project.app */;
			productType = "com.apple.product-type.application";
		};
/* End PBXNativeTarget section */

/* Begin PBXProject section */
		F23275FC26FCE43300824D47 /* Project object */ = {
			isa = PBXProject;
			attributes = {
				LastSwiftUpdateCheck = 1250;
				LastUpgradeCheck = 1250;
				TargetAttributes = {
					F232760326FCE43300824D47 = {
						CreatedOnToolsVersion = 12.5.1;
					};
				};
			};
			buildConfigurationList = F23275FF26FCE43300824D47 /* Build configuration list for PBXProject "Final Project" */;
			compatibilityVersion = "Xcode 9.3";
			developmentRegion = en;
			hasScannedForEncodings = 0;
			knownRegions = (
				en,
				Base,
			);
			mainGroup = F23275FB26FCE43300824D47;
			productRefGroup = F232760526FCE43300824D47 /* Products */;
			projectDirPath = "";
			projectRoot = "";
			targets = (
				F232760326FCE43300824D47 /* Final Project */,
			);
		};
/* End PBXProject section */

/* Begin PBXResourcesBuildPhase section */
		F232760226FCE43300824D47 /* Resources */ = {
			isa = PBXResourcesBuildPhase;
			buildActionMask = 2147483647;
			files = (
				F232761426FCE43300824D47 /* LaunchScreen.storyboard in Resources */,
				F232761126FCE43300824D47 /* Assets.xcassets in Resources */,
				F232760F26FCE43300824D47 /* Main.storyboard in Resources */,
			);
			runOnlyForDeploymentPostprocessing = 0;
		};
/* End PBXResourcesBuildPhase section */

/* Begin PBXSourcesBuildPhase section */
		F232760026FCE43300824D47 /* Sources */ = {
			isa = PBXSourcesBuildPhase;
			buildActionMask = 2147483647;
			files = (
				F26C3F282721D87C00915B9D /* ControllerNumber2.swift in Sources */,
				F232760C26FCE43300824D47 /* ViewController.swift in Sources */,
				F232760826FCE43300824D47 /* AppDelegate.swift in Sources */,
				F232D7FE272727AF00EA6A51 /* Screencontroller7.swift in Sources */,
				F232D7FA2727270600EA6A51 /* Screencontroller5.swift in Sources */,
				F232D7FC2727274E00EA6A51 /* ScreenController6.swift in Sources */,
				F26C3F262721D7F900915B9D /* ControllerNumber3.swift in Sources */,
				F232760A26FCE43300824D47 /* SceneDelegate.swift in Sources */,
				F232D7F8272724DF00EA6A51 /* Screenconroller4.swift in Sources */,
				F22632C3272B14150045A90F /* Page8.swift in Sources */,
			);
			runOnlyForDeploymentPostprocessing = 0;
		};
/* End PBXSourcesBuildPhase section */

/* Begin PBXVariantGroup section */
		F232760D26FCE43300824D47 /* Main.storyboard */ = {
			isa = PBXVariantGroup;
			children = (
				F232760E26FCE43300824D47 /* Base */,
			);
			name = Main.storyboard;
			sourceTree = "<group>";
		};
		F232761226FCE43300824D47 /* LaunchScreen.storyboard */ = {
			isa = PBXVariantGroup;
			children = (
				F232761326FCE43300824D47 /* Base */,
			);
			name = LaunchScreen.storyboard;
			sourceTree = "<group>";
		};
/* End PBXVariantGroup section */

/* Begin XCBuildConfiguration section */
		F232761626FCE43300824D47 /* Debug */ = {
			isa = XCBuildConfiguration;
			buildSettings = {
				ALWAYS_SEARCH_USER_PATHS = NO;
				CLANG_ANALYZER_NONNULL = YES;
				CLANG_ANALYZER_NUMBER_OBJECT_CONVERSION = YES_AGGRESSIVE;
				CLANG_CXX_LANGUAGE_STANDARD = "gnu++14";
				CLANG_CXX_LIBRARY = "libc++";
				CLANG_ENABLE_MODULES = YES;
				CLANG_ENABLE_OBJC_ARC = YES;
				CLANG_ENABLE_OBJC_WEAK = YES;
				CLANG_WARN_BLOCK_CAPTURE_AUTORELEASING = YES;
				CLANG_WARN_BOOL_CONVERSION = YES;
				CLANG_WARN_COMMA = YES;
				CLANG_WARN_CONSTANT_CONVERSION = YES;
				CLANG_WARN_DEPRECATED_OBJC_IMPLEMENTATIONS = YES;
				CLANG_WARN_DIRECT_OBJC_ISA_USAGE = YES_ERROR;
				CLANG_WARN_DOCUMENTATION_COMMENTS = YES;
				CLANG_WARN_EMPTY_BODY = YES;
				CLANG_WARN_ENUM_CONVERSION = YES;
				CLANG_WARN_INFINITE_RECURSION = YES;
				CLANG_WARN_INT_CONVERSION = YES;
				CLANG_WARN_NON_LITERAL_NULL_CONVERSION = YES;
				CLANG_WARN_OBJC_IMPLICIT_RETAIN_SELF = YES;
				CLANG_WARN_OBJC_LITERAL_CONVERSION = YES;
				CLANG_WARN_OBJC_ROOT_CLASS = YES_ERROR;
				CLANG_WARN_QUOTED_INCLUDE_IN_FRAMEWORK_HEADER = YES;
				CLANG_WARN_RANGE_LOOP_ANALYSIS = YES;
				CLANG_WARN_STRICT_PROTOTYPES = YES;
				CLANG_WARN_SUSPICIOUS_MOVE = YES;
				CLANG_WARN_UNGUARDED_AVAILABILITY = YES_AGGRESSIVE;
				CLANG_WARN_UNREACHABLE_CODE = YES;
				CLANG_WARN__DUPLICATE_METHOD_MATCH = YES;
				COPY_PHASE_STRIP = NO;
				DEBUG_INFORMATION_FORMAT = dwarf;
				ENABLE_STRICT_OBJC_MSGSEND = YES;
				ENABLE_TESTABILITY = YES;
				GCC_C_LANGUAGE_STANDARD = gnu11;
				GCC_DYNAMIC_NO_PIC = NO;
				GCC_NO_COMMON_BLOCKS = YES;
				GCC_OPTIMIZATION_LEVEL = 0;
				GCC_PREPROCESSOR_DEFINITIONS = (
					"DEBUG=1",
					"$(inherited)",
				);
				GCC_WARN_64_TO_32_BIT_CONVERSION = YES;
				GCC_WARN_ABOUT_RETURN_TYPE = YES_ERROR;
				GCC_WARN_UNDECLARED_SELECTOR = YES;
				GCC_WARN_UNINITIALIZED_AUTOS = YES_AGGRESSIVE;
				GCC_WARN_UNUSED_FUNCTION = YES;
				GCC_WARN_UNUSED_VARIABLE = YES;
				IPHONEOS_DEPLOYMENT_TARGET = 14.5;
				MTL_ENABLE_DEBUG_INFO = INCLUDE_SOURCE;
				MTL_FAST_MATH = YES;
				ONLY_ACTIVE_ARCH = YES;
				SDKROOT = iphoneos;
				SWIFT_ACTIVE_COMPILATION_CONDITIONS = DEBUG;
				SWIFT_OPTIMIZATION_LEVEL = "-Onone";
			};
			name = Debug;
		};
		F232761726FCE43300824D47 /* Release */ = {
			isa = XCBuildConfiguration;
			buildSettings = {
				ALWAYS_SEARCH_USER_PATHS = NO;
				CLANG_ANALYZER_NONNULL = YES;
				CLANG_ANALYZER_NUMBER_OBJECT_CONVERSION = YES_AGGRESSIVE;
				CLANG_CXX_LANGUAGE_STANDARD = "gnu++14";
				CLANG_CXX_LIBRARY = "libc++";
				CLANG_ENABLE_MODULES = YES;
				CLANG_ENABLE_OBJC_ARC = YES;
				CLANG_ENABLE_OBJC_WEAK = YES;
				CLANG_WARN_BLOCK_CAPTURE_AUTORELEASING = YES;
				CLANG_WARN_BOOL_CONVERSION = YES;
				CLANG_WARN_COMMA = YES;
				CLANG_WARN_CONSTANT_CONVERSION = YES;
				CLANG_WARN_DEPRECATED_OBJC_IMPLEMENTATIONS = YES;
				CLANG_WARN_DIRECT_OBJC_ISA_USAGE = YES_ERROR;
				CLANG_WARN_DOCUMENTATION_COMMENTS = YES;
				CLANG_WARN_EMPTY_BODY = YES;
				CLANG_WARN_ENUM_CONVERSION = YES;
				CLANG_WARN_INFINITE_RECURSION = YES;
				CLANG_WARN_INT_CONVERSION = YES;
				CLANG_WARN_NON_LITERAL_NULL_CONVERSION = YES;
				CLANG_WARN_OBJC_IMPLICIT_RETAIN_SELF = YES;
				CLANG_WARN_OBJC_LITERAL_CONVERSION = YES;
				CLANG_WARN_OBJC_ROOT_CLASS = YES_ERROR;
				CLANG_WARN_QUOTED_INCLUDE_IN_FRAMEWORK_HEADER = YES;
				CLANG_WARN_RANGE_LOOP_ANALYSIS = YES;
				CLANG_WARN_STRICT_PROTOTYPES = YES;
				CLANG_WARN_SUSPICIOUS_MOVE = YES;
				CLANG_WARN_UNGUARDED_AVAILABILITY = YES_AGGRESSIVE;
				CLANG_WARN_UNREACHABLE_CODE = YES;
				CLANG_WARN__DUPLICATE_METHOD_MATCH = YES;
				COPY_PHASE_STRIP = NO;
				DEBUG_INFORMATION_FORMAT = "dwarf-with-dsym";
				ENABLE_NS_ASSERTIONS = NO;
				ENABLE_STRICT_OBJC_MSGSEND = YES;
				GCC_C_LANGUAGE_STANDARD = gnu11;
				GCC_NO_COMMON_BLOCKS = YES;
				GCC_WARN_64_TO_32_BIT_CONVERSION = YES;
				GCC_WARN_ABOUT_RETURN_TYPE = YES_ERROR;
				GCC_WARN_UNDECLARED_SELECTOR = YES;
				GCC_WARN_UNINITIALIZED_AUTOS = YES_AGGRESSIVE;
				GCC_WARN_UNUSED_FUNCTION = YES;
				GCC_WARN_UNUSED_VARIABLE = YES;
				IPHONEOS_DEPLOYMENT_TARGET = 14.5;
				MTL_ENABLE_DEBUG_INFO = NO;
				MTL_FAST_MATH = YES;
				SDKROOT = iphoneos;
				SWIFT_COMPILATION_MODE = wholemodule;
				SWIFT_OPTIMIZATION_LEVEL = "-O";
				VALIDATE_PRODUCT = YES;
			};
			name = Release;
		};
		F232761926FCE43300824D47 /* Debug */ = {
			isa = XCBuildConfiguration;
			buildSettings = {
				ASSETCATALOG_COMPILER_APPICON_NAME = AppIcon;
				ASSETCATALOG_COMPILER_GLOBAL_ACCENT_COLOR_NAME = AccentColor;
				CODE_SIGN_STYLE = Automatic;
				DEVELOPMENT_TEAM = 27LCC9S267;
				INFOPLIST_FILE = "Final Project/Info.plist";
				LD_RUNPATH_SEARCH_PATHS = (
					"$(inherited)",
					"@executable_path/Frameworks",
				);
				PRODUCT_BUNDLE_IDENTIFIER = "Futures-Lab.Final-Project";
				PRODUCT_NAME = "$(TARGET_NAME)";
				SWIFT_VERSION = 5.0;
				TARGETED_DEVICE_FAMILY = "1,2";
			};
			name = Debug;
		};
		F232761A26FCE43300824D47 /* Release */ = {
			isa = XCBuildConfiguration;
			buildSettings = {
				ASSETCATALOG_COMPILER_APPICON_NAME = AppIcon;
				ASSETCATALOG_COMPILER_GLOBAL_ACCENT_COLOR_NAME = AccentColor;
				CODE_SIGN_STYLE = Automatic;
				DEVELOPMENT_TEAM = 27LCC9S267;
				INFOPLIST_FILE = "Final Project/Info.plist";
				LD_RUNPATH_SEARCH_PATHS = (
					"$(inherited)",
					"@executable_path/Frameworks",
				);
				PRODUCT_BUNDLE_IDENTIFIER = "Futures-Lab.Final-Project";
				PRODUCT_NAME = "$(TARGET_NAME)";
				SWIFT_VERSION = 5.0;
				TARGETED_DEVICE_FAMILY = "1,2";
			};
			name = Release;
		};
/* End XCBuildConfiguration section */

/* Begin XCConfigurationList section */
		F23275FF26FCE43300824D47 /* Build configuration list for PBXProject "Final Project" */ = {
			isa = XCConfigurationList;
			buildConfigurations = (
				F232761626FCE43300824D47 /* Debug */,
				F232761726FCE43300824D47 /* Release */,
			);
			defaultConfigurationIsVisible = 0;
			defaultConfigurationName = Release;
		};
		F232761826FCE43300824D47 /* Build configuration list for PBXNativeTarget "Final Project" */ = {
			isa = XCConfigurationList;
			buildConfigurations = (
				F232761926FCE43300824D47 /* Debug */,
				F232761A26FCE43300824D47 /* Release */,
			);
			defaultConfigurationIsVisible = 0;
			defaultConfigurationName = Release;
		};
/* End XCConfigurationList section */
	};
	rootObject = F23275FC26FCE43300824D47 /* Project object */;
}
